
Microsoft Visual Studio Solution File, Format Version 12.00
# Visual Studio Version 16
VisualStudioVersion = 16.0.29721.120
MinimumVisualStudioVersion = 10.0.40219.1
Project("{FAE04EC0-301F-11D3-BF4B-00C04F79EFBC}") = "ServerApp", "ServerApp.csproj", "{BDDCBC14-318F-4D73-A771-79C4BDEBC3C1}"
EndProject
Global
	GlobalSection(SolutionConfigurationPlatforms) = preSolution
		Debug|Any CPU = Debug|Any CPU
		Release|Any CPU = Release|Any CPU
	EndGlobalSection
	GlobalSection(ProjectConfigurationPlatforms) = postSolution
		{BDDCBC14-318F-4D73-A771-79C4BDEBC3C1}.Debug|Any CPU.ActiveCfg = Debug|Any CPU
		{BDDCBC14-318F-4D73-A771-79C4BDEBC3C1}.Debug|Any CPU.Build.0 = Debug|Any CPU
		{BDDCBC14-318F-4D73-A771-79C4BDEBC3C1}.Release|Any CPU.ActiveCfg = Release|Any CPU
		{BDDCBC14-318F-4D73-A771-79C4BDEBC3C1}.Release|Any CPU.Build.0 = Release|Any CPU
	EndGlobalSection
	GlobalSection(SolutionProperties) = preSolution
		HideSolutionNode = FALSE
	EndGlobalSection
	GlobalSection(ExtensibilityGlobals) = postSolution
		SolutionGuid = {358908B2-76F8-4CE9-B603-F77A73D3F1A4}
	EndGlobalSection
EndGlobal
